
Microsoft Visual Studio Solution File, Format Version 12.00
# Visual Studio Version 17
VisualStudioVersion = 17.5.33627.172
MinimumVisualStudioVersion = 10.0.40219.1
Project("{FAE04EC0-301F-11D3-BF4B-00C04F79EFBC}") = "CodeBlogFitness.BL", "CodeBlogFitness.BL\CodeBlogFitness.BL.csproj", "{1A8A4D79-7D17-40D1-9082-C7A37AC01624}"
EndProject
Project("{FAE04EC0-301F-11D3-BF4B-00C04F79EFBC}") = "CodeBlogFitness.CMD", "CodeBlogFitness.CMD\CodeBlogFitness.CMD.csproj", "{882B7A51-7376-47DD-AD66-67B1F458817E}"
EndProject
Project("{FAE04EC0-301F-11D3-BF4B-00C04F79EFBC}") = "CodeBlogFitness.BLTests", "CodeBlogFitness.BLTests\CodeBlogFitness.BLTests.csproj", "{875A5627-E1DC-422E-91C0-AB5A4E3C21FD}"
EndProject
Global
	GlobalSection(SolutionConfigurationPlatforms) = preSolution
		Debug|Any CPU = Debug|Any CPU
		Release|Any CPU = Release|Any CPU
	EndGlobalSection
	GlobalSection(ProjectConfigurationPlatforms) = postSolution
		{1A8A4D79-7D17-40D1-9082-C7A37AC01624}.Debug|Any CPU.ActiveCfg = Debug|Any CPU
		{1A8A4D79-7D17-40D1-9082-C7A37AC01624}.Debug|Any CPU.Build.0 = Debug|Any CPU
		{1A8A4D79-7D17-40D1-9082-C7A37AC01624}.Release|Any CPU.ActiveCfg = Release|Any CPU
		{1A8A4D79-7D17-40D1-9082-C7A37AC01624}.Release|Any CPU.Build.0 = Release|Any CPU
		{882B7A51-7376-47DD-AD66-67B1F458817E}.Debug|Any CPU.ActiveCfg = Debug|Any CPU
		{882B7A51-7376-47DD-AD66-67B1F458817E}.Debug|Any CPU.Build.0 = Debug|Any CPU
		{882B7A51-7376-47DD-AD66-67B1F458817E}.Release|Any CPU.ActiveCfg = Release|Any CPU
		{882B7A51-7376-47DD-AD66-67B1F458817E}.Release|Any CPU.Build.0 = Release|Any CPU
		{875A5627-E1DC-422E-91C0-AB5A4E3C21FD}.Debug|Any CPU.ActiveCfg = Debug|Any CPU
		{875A5627-E1DC-422E-91C0-AB5A4E3C21FD}.Debug|Any CPU.Build.0 = Debug|Any CPU
		{875A5627-E1DC-422E-91C0-AB5A4E3C21FD}.Release|Any CPU.ActiveCfg = Release|Any CPU
		{875A5627-E1DC-422E-91C0-AB5A4E3C21FD}.Release|Any CPU.Build.0 = Release|Any CPU
	EndGlobalSection
	GlobalSection(SolutionProperties) = preSolution
		HideSolutionNode = FALSE
	EndGlobalSection
	GlobalSection(ExtensibilityGlobals) = postSolution
		SolutionGuid = {CC10A17E-97C2-4F32-ADF7-1212968ADF2E}
	EndGlobalSection
EndGlobal
